# This file is autogenerated, do not edit; changes may be undone by the next 'dep ensure'.


[[projects]]
  digest = "1:c79fb010be38a59d657c48c6ba1d003a8aa651fa56b579d959d74573b7dff8e1"
  name = "github.com/gorilla/context"
  packages = ["."]
  pruneopts = "UT"
  revision = "08b5f424b9271eedf6f9f0ce86cb9396ed337a42"
  version = "v1.1.1"

[[projects]]
  digest = "1:e73f5b0152105f18bc131fba127d9949305c8693f8a762588a82a48f61756f5f"
  name = "github.com/gorilla/mux"
  packages = ["."]
  pruneopts = "UT"
  revision = "e3702bed27f0d39777b0b37b664b6280e8ef8fbf"
  version = "v1.6.2"

[[projects]]
  digest = "1:246ab598a22ea9d50f46e65f655f78161a19822f6597268b02f04af998684807"
  name = "github.com/montanaflynn/stats"
  packages = ["."]
  pruneopts = "UT"
  revision = "1bf9dbcd8cbe1fdb75add3785b1d4a9a646269ab"
  version = "0.3.0"

[[projects]]
  branch = "master"
  digest = "1:f099f01404787f3d89257d3dd7fbea0c8da7bd9fd3ff9ae9d8bf80c56523b125"
  name = "github.com/unrolled/render"
  packages = ["."]
  pruneopts = "UT"
  revision = "4206df6ff70175d219fdb4672ae157fbed820103"

[solve-meta]
  analyzer-name = "dep"
  analyzer-version = 1
  input-imports = [
    "github.com/gorilla/mux",
    "github.com/montanaflynn/stats",
    "github.com/unrolled/render",
  ]
  solver-name = "gps-cdcl"
  solver-version = 1
